Microsoft Visual Studio Solution File, Format Version 12.00
# Visual Studio Version 17
VisualStudioVersion = 17.13.35919.96
MinimumVisualStudioVersion = 10.0.40219.1
Project("{FAE04EC0-301F-11D3-BF4B-00C04F79EFBC}") = "MoviesAPI", "MoviesAPI\MoviesAPI.csproj", "{A3BF3BB5-02A0-4727-80C2-72769057FAE9}"
EndProject
Global
	GlobalSection(SolutionConfigurationPlatforms) = preSolution
		Debug|Any CPU = Debug|Any CPU
		Release|Any CPU = Release|Any CPU
	EndGlobalSection
	GlobalSection(ProjectConfigurationPlatforms) = postSolution
		{A3BF3BB5-02A0-4727-80C2-72769057FAE9}.Debug|Any CPU.ActiveCfg = Debug|Any CPU
		{A3BF3BB5-02A0-4727-80C2-72769057FAE9}.Debug|Any CPU.Build.0 = Debug|Any CPU
		{A3BF3BB5-02A0-4727-80C2-72769057FAE9}.Release|Any CPU.ActiveCfg = Release|Any CPU
		{A3BF3BB5-02A0-4727-80C2-72769057FAE9}.Release|Any CPU.Build.0 = Release|Any CPU
	EndGlobalSection
	GlobalSection(SolutionProperties) = preSolution
		HideSolutionNode = FALSE
	EndGlobalSection
	GlobalSection(ExtensibilityGlobals) = postSolution
		SolutionGuid = {C70A1FF0-D094-4946-B15A-0E2F92BF3F7B}
	EndGlobalSection
EndGlobal
